
Microsoft Visual Studio Solution File, Format Version 12.00
# Visual Studio Version 16
VisualStudioVersion = 16.0.30517.126
MinimumVisualStudioVersion = 10.0.40219.1
Project("{2150E333-8FDC-42A3-9474-1A3956D46DE8}") = "1 - Application", "1 - Application", "{55F34FA3-F5DA-46BE-86A6-18E39344FF56}"
EndProject
Project("{2150E333-8FDC-42A3-9474-1A3956D46DE8}") = "2 - Domain", "2 - Domain", "{B14D76A9-3DAE-42C1-A5EC-E3A6EAF87C92}"
EndProject
Project("{2150E333-8FDC-42A3-9474-1A3956D46DE8}") = "3 - Infra", "3 - Infra", "{3041D996-27F0-493F-85A8-FD65C81397ED}"
EndProject
Project("{9A19103F-16F7-4668-BE54-9A1E7A4F7556}") = "AppKetra.Domain", "AppKetra.Domain\AppKetra.Domain.csproj", "{478BDDB6-4D28-4073-97C4-E5E2EB562ACA}"
EndProject
Project("{2150E333-8FDC-42A3-9474-1A3956D46DE8}") = "4.1 - Data", "4.1 - Data", "{353C281C-CE89-4B90-8AF7-9FDFAE34B7F5}"
EndProject
Project("{2150E333-8FDC-42A3-9474-1A3956D46DE8}") = "4.2 - CrossCutting", "4.2 - CrossCutting", "{0C4AD510-803A-4C1D-BCC0-B369AB0EE79F}"
EndProject
Project("{9A19103F-16F7-4668-BE54-9A1E7A4F7556}") = "AppKetra.Infra.Data", "AppKetra.Infra.Data\AppKetra.Infra.Data.csproj", "{773D55BC-A480-4588-886F-6FCA28CDBA6A}"
EndProject
Project("{9A19103F-16F7-4668-BE54-9A1E7A4F7556}") = "AppKetra.Infra.CrossCutting", "AppKetra.Infra.CrossCutting\AppKetra.Infra.CrossCutting.csproj", "{B04CA3F1-A0E2-44AC-A44C-7CEB6C9367D6}"
EndProject
Project("{2150E333-8FDC-42A3-9474-1A3956D46DE8}") = "4 - DTO", "4 - DTO", "{9F4A6B88-FD1C-4E69-8853-99F7AB361101}"
EndProject
Project("{2150E333-8FDC-42A3-9474-1A3956D46DE8}") = "DtoProduto", "DtoProduto", "{A1C9F8A8-4DB6-493F-90F2-326781C3E243}"
EndProject
Project("{2150E333-8FDC-42A3-9474-1A3956D46DE8}") = "DtoPedido", "DtoPedido", "{A4EB68C8-5A0E-4769-B021-A0F99A237F40}"
EndProject
Project("{2150E333-8FDC-42A3-9474-1A3956D46DE8}") = "DtoFornecedor", "DtoFornecedor", "{9498122E-4D16-4FE3-8A14-A86AD8A3615B}"
EndProject
Project("{2150E333-8FDC-42A3-9474-1A3956D46DE8}") = "DtoStatus", "DtoStatus", "{D1DA28C2-F32D-4FEF-A490-533320000FF2}"
EndProject
Project("{2150E333-8FDC-42A3-9474-1A3956D46DE8}") = "0 - Presentation", "0 - Presentation", "{5F02E416-3E86-4306-B366-26B1C0F569C2}"
EndProject
Project("{FAE04EC0-301F-11D3-BF4B-00C04F79EFBC}") = "AppKetra.Mvc", "AppKetra.Mvc\AppKetra.Mvc.csproj", "{B02A150B-301C-4C82-8218-E6CD7569C4CF}"
EndProject
Project("{FAE04EC0-301F-11D3-BF4B-00C04F79EFBC}") = "AppKetra.Application", "AppKetra.Application\AppKetra.Application.csproj", "{A9585827-3948-495F-8C20-B15A77288592}"
EndProject
Global
	GlobalSection(SolutionConfigurationPlatforms) = preSolution
		Debug|Any CPU = Debug|Any CPU
		Release|Any CPU = Release|Any CPU
	EndGlobalSection
	GlobalSection(ProjectConfigurationPlatforms) = postSolution
		{478BDDB6-4D28-4073-97C4-E5E2EB562ACA}.Debug|Any CPU.ActiveCfg = Debug|Any CPU
		{478BDDB6-4D28-4073-97C4-E5E2EB562ACA}.Debug|Any CPU.Build.0 = Debug|Any CPU
		{478BDDB6-4D28-4073-97C4-E5E2EB562ACA}.Release|Any CPU.ActiveCfg = Release|Any CPU
		{478BDDB6-4D28-4073-97C4-E5E2EB562ACA}.Release|Any CPU.Build.0 = Release|Any CPU
		{773D55BC-A480-4588-886F-6FCA28CDBA6A}.Debug|Any CPU.ActiveCfg = Debug|Any CPU
		{773D55BC-A480-4588-886F-6FCA28CDBA6A}.Debug|Any CPU.Build.0 = Debug|Any CPU
		{773D55BC-A480-4588-886F-6FCA28CDBA6A}.Release|Any CPU.ActiveCfg = Release|Any CPU
		{773D55BC-A480-4588-886F-6FCA28CDBA6A}.Release|Any CPU.Build.0 = Release|Any CPU
		{B04CA3F1-A0E2-44AC-A44C-7CEB6C9367D6}.Debug|Any CPU.ActiveCfg = Debug|Any CPU
		{B04CA3F1-A0E2-44AC-A44C-7CEB6C9367D6}.Debug|Any CPU.Build.0 = Debug|Any CPU
		{B04CA3F1-A0E2-44AC-A44C-7CEB6C9367D6}.Release|Any CPU.ActiveCfg = Release|Any CPU
		{B04CA3F1-A0E2-44AC-A44C-7CEB6C9367D6}.Release|Any CPU.Build.0 = Release|Any CPU
		{B02A150B-301C-4C82-8218-E6CD7569C4CF}.Debug|Any CPU.ActiveCfg = Debug|Any CPU
		{B02A150B-301C-4C82-8218-E6CD7569C4CF}.Debug|Any CPU.Build.0 = Debug|Any CPU
		{B02A150B-301C-4C82-8218-E6CD7569C4CF}.Release|Any CPU.ActiveCfg = Release|Any CPU
		{B02A150B-301C-4C82-8218-E6CD7569C4CF}.Release|Any CPU.Build.0 = Release|Any CPU
		{A9585827-3948-495F-8C20-B15A77288592}.Debug|Any CPU.ActiveCfg = Debug|Any CPU
		{A9585827-3948-495F-8C20-B15A77288592}.Debug|Any CPU.Build.0 = Debug|Any CPU
		{A9585827-3948-495F-8C20-B15A77288592}.Release|Any CPU.ActiveCfg = Release|Any CPU
		{A9585827-3948-495F-8C20-B15A77288592}.Release|Any CPU.Build.0 = Release|Any CPU
	EndGlobalSection
	GlobalSection(SolutionProperties) = preSolution
		HideSolutionNode = FALSE
	EndGlobalSection
	GlobalSection(NestedProjects) = preSolution
		{478BDDB6-4D28-4073-97C4-E5E2EB562ACA} = {B14D76A9-3DAE-42C1-A5EC-E3A6EAF87C92}
		{353C281C-CE89-4B90-8AF7-9FDFAE34B7F5} = {3041D996-27F0-493F-85A8-FD65C81397ED}
		{0C4AD510-803A-4C1D-BCC0-B369AB0EE79F} = {3041D996-27F0-493F-85A8-FD65C81397ED}
		{773D55BC-A480-4588-886F-6FCA28CDBA6A} = {353C281C-CE89-4B90-8AF7-9FDFAE34B7F5}
		{B04CA3F1-A0E2-44AC-A44C-7CEB6C9367D6} = {0C4AD510-803A-4C1D-BCC0-B369AB0EE79F}
		{A1C9F8A8-4DB6-493F-90F2-326781C3E243} = {9F4A6B88-FD1C-4E69-8853-99F7AB361101}
		{A4EB68C8-5A0E-4769-B021-A0F99A237F40} = {9F4A6B88-FD1C-4E69-8853-99F7AB361101}
		{9498122E-4D16-4FE3-8A14-A86AD8A3615B} = {9F4A6B88-FD1C-4E69-8853-99F7AB361101}
		{D1DA28C2-F32D-4FEF-A490-533320000FF2} = {9F4A6B88-FD1C-4E69-8853-99F7AB361101}
		{B02A150B-301C-4C82-8218-E6CD7569C4CF} = {5F02E416-3E86-4306-B366-26B1C0F569C2}
		{A9585827-3948-495F-8C20-B15A77288592} = {55F34FA3-F5DA-46BE-86A6-18E39344FF56}
	EndGlobalSection
	GlobalSection(ExtensibilityGlobals) = postSolution
		SolutionGuid = {EDD52B69-71D8-4D3F-91F3-C2C8E255B8D7}
	EndGlobalSection
EndGlobal
