
Microsoft Visual Studio Solution File, Format Version 12.00
# Visual Studio Version 16
VisualStudioVersion = 16.0.30517.126
MinimumVisualStudioVersion = 10.0.40219.1
Project("{2150E333-8FDC-42A3-9474-1A3956D46DE8}") = "1 - Application", "1 - Application", "{55F34FA3-F5DA-46BE-86A6-18E39344FF56}"
EndProject
Project("{2150E333-8FDC-42A3-9474-1A3956D46DE8}") = "2 - Domain", "2 - Domain", "{B14D76A9-3DAE-42C1-A5EC-E3A6EAF87C92}"
EndProject
Project("{2150E333-8FDC-42A3-9474-1A3956D46DE8}") = "3 - Infra", "3 - Infra", "{3041D996-27F0-493F-85A8-FD65C81397ED}"
EndProject
Project("{9A19103F-16F7-4668-BE54-9A1E7A4F7556}") = "AppKetra.Domain", "AppKetra.Domain\AppKetra.Domain.csproj", "{478BDDB6-4D28-4073-97C4-E5E2EB562ACA}"
EndProject
Project("{2150E333-8FDC-42A3-9474-1A3956D46DE8}") = "4 - DTO", "4 - DTO", "{9F4A6B88-FD1C-4E69-8853-99F7AB361101}"
EndProject
Project("{9A19103F-16F7-4668-BE54-9A1E7A4F7556}") = "AppKetra.Dto", "AppKetra.Dto\AppKetra.Dto.csproj", "{926B484F-DBD2-41B2-81A5-B68BBD2BE71C}"
EndProject
Project("{9A19103F-16F7-4668-BE54-9A1E7A4F7556}") = "AppKetra.InfraData", "AppKetra.InfraData\AppKetra.InfraData.csproj", "{21F61087-8CB4-46F5-A691-72CB63EC0E52}"
EndProject
Project("{FAE04EC0-301F-11D3-BF4B-00C04F79EFBC}") = "AppKetra.Application", "AppKetra.Application\AppKetra.Application.csproj", "{F8F49764-3DA8-491E-8829-DFAD6AEEC761}"
EndProject
Global
	GlobalSection(SolutionConfigurationPlatforms) = preSolution
		Debug|Any CPU = Debug|Any CPU
		Release|Any CPU = Release|Any CPU
	EndGlobalSection
	GlobalSection(ProjectConfigurationPlatforms) = postSolution
		{478BDDB6-4D28-4073-97C4-E5E2EB562ACA}.Debug|Any CPU.ActiveCfg = Debug|Any CPU
		{478BDDB6-4D28-4073-97C4-E5E2EB562ACA}.Debug|Any CPU.Build.0 = Debug|Any CPU
		{478BDDB6-4D28-4073-97C4-E5E2EB562ACA}.Release|Any CPU.ActiveCfg = Release|Any CPU
		{478BDDB6-4D28-4073-97C4-E5E2EB562ACA}.Release|Any CPU.Build.0 = Release|Any CPU
		{926B484F-DBD2-41B2-81A5-B68BBD2BE71C}.Debug|Any CPU.ActiveCfg = Debug|Any CPU
		{926B484F-DBD2-41B2-81A5-B68BBD2BE71C}.Debug|Any CPU.Build.0 = Debug|Any CPU
		{926B484F-DBD2-41B2-81A5-B68BBD2BE71C}.Release|Any CPU.ActiveCfg = Release|Any CPU
		{926B484F-DBD2-41B2-81A5-B68BBD2BE71C}.Release|Any CPU.Build.0 = Release|Any CPU
		{21F61087-8CB4-46F5-A691-72CB63EC0E52}.Debug|Any CPU.ActiveCfg = Debug|Any CPU
		{21F61087-8CB4-46F5-A691-72CB63EC0E52}.Debug|Any CPU.Build.0 = Debug|Any CPU
		{21F61087-8CB4-46F5-A691-72CB63EC0E52}.Release|Any CPU.ActiveCfg = Release|Any CPU
		{21F61087-8CB4-46F5-A691-72CB63EC0E52}.Release|Any CPU.Build.0 = Release|Any CPU
		{F8F49764-3DA8-491E-8829-DFAD6AEEC761}.Debug|Any CPU.ActiveCfg = Debug|Any CPU
		{F8F49764-3DA8-491E-8829-DFAD6AEEC761}.Debug|Any CPU.Build.0 = Debug|Any CPU
		{F8F49764-3DA8-491E-8829-DFAD6AEEC761}.Release|Any CPU.ActiveCfg = Release|Any CPU
		{F8F49764-3DA8-491E-8829-DFAD6AEEC761}.Release|Any CPU.Build.0 = Release|Any CPU
	EndGlobalSection
	GlobalSection(SolutionProperties) = preSolution
		HideSolutionNode = FALSE
	EndGlobalSection
	GlobalSection(NestedProjects) = preSolution
		{478BDDB6-4D28-4073-97C4-E5E2EB562ACA} = {B14D76A9-3DAE-42C1-A5EC-E3A6EAF87C92}
		{926B484F-DBD2-41B2-81A5-B68BBD2BE71C} = {9F4A6B88-FD1C-4E69-8853-99F7AB361101}
		{21F61087-8CB4-46F5-A691-72CB63EC0E52} = {3041D996-27F0-493F-85A8-FD65C81397ED}
		{F8F49764-3DA8-491E-8829-DFAD6AEEC761} = {55F34FA3-F5DA-46BE-86A6-18E39344FF56}
	EndGlobalSection
	GlobalSection(ExtensibilityGlobals) = postSolution
		SolutionGuid = {EDD52B69-71D8-4D3F-91F3-C2C8E255B8D7}
	EndGlobalSection
EndGlobal
